
Microsoft Visual Studio Solution File, Format Version 12.00
# Visual Studio Version 17
VisualStudioVersion = 17.2.32616.157
MinimumVisualStudioVersion = 10.0.40219.1
Project("{FAE04EC0-301F-11D3-BF4B-00C04F79EFBC}") = "WarehouseApp", "WarehouseApp\WarehouseApp.csproj", "{4E13D8D9-C08F-4F8E-89CB-B9EE143C5276}"
EndProject
Global
	GlobalSection(SolutionConfigurationPlatforms) = preSolution
		Debug|Any CPU = Debug|Any CPU
		Release|Any CPU = Release|Any CPU
	EndGlobalSection
	GlobalSection(ProjectConfigurationPlatforms) = postSolution
		{4E13D8D9-C08F-4F8E-89CB-B9EE143C5276}.Debug|Any CPU.ActiveCfg = Debug|Any CPU
		{4E13D8D9-C08F-4F8E-89CB-B9EE143C5276}.Debug|Any CPU.Build.0 = Debug|Any CPU
		{4E13D8D9-C08F-4F8E-89CB-B9EE143C5276}.Release|Any CPU.ActiveCfg = Release|Any CPU
		{4E13D8D9-C08F-4F8E-89CB-B9EE143C5276}.Release|Any CPU.Build.0 = Release|Any CPU
	EndGlobalSection
	GlobalSection(SolutionProperties) = preSolution
		HideSolutionNode = FALSE
	EndGlobalSection
	GlobalSection(ExtensibilityGlobals) = postSolution
		SolutionGuid = {159905FD-910A-46D5-B9E9-BD1F6B0769B0}
	EndGlobalSection
EndGlobal
